// !$*UTF8*$!
{
	archiveVersion = 1;
	classes = {
	};
	objectVersion = 56;
	objects = {

/* Begin PBXBuildFile section */
		BFA36A822A44D8C700914120 /* AppDelegate.swift in Sources */ = {isa = PBXBuildFile; fileRef = BFA36A812A44D8C700914120 /* AppDelegate.swift */; };
		BFA36A842A44D8C700914120 /* SceneDelegate.swift in Sources */ = {isa = PBXBuildFile; fileRef = BFA36A832A44D8C700914120 /* SceneDelegate.swift */; };
		BFA36A862A44D8C700914120 /* TabBarViewController.swift in Sources */ = {isa = PBXBuildFile; fileRef = BFA36A852A44D8C700914120 /* TabBarViewController.swift */; };
		BFA36A8B2A44D8C900914120 /* Assets.xcassets in Resources */ = {isa = PBXBuildFile; fileRef = BFA36A8A2A44D8C900914120 /* Assets.xcassets */; };
		BFA36A8E2A44D8C900914120 /* LaunchScreen.storyboard in Resources */ = {isa = PBXBuildFile; fileRef = BFA36A8C2A44D8C900914120 /* LaunchScreen.storyboard */; };
		BFA36A972A44DA2300914120 /* HomeViewController.swift in Sources */ = {isa = PBXBuildFile; fileRef = BFA36A962A44DA2300914120 /* HomeViewController.swift */; };
		BFA36A992A44DA4200914120 /* UpcomingViewController.swift in Sources */ = {isa = PBXBuildFile; fileRef = BFA36A982A44DA4200914120 /* UpcomingViewController.swift */; };
		BFA36A9B2A44DA5A00914120 /* SearchViewController.swift in Sources */ = {isa = PBXBuildFile; fileRef = BFA36A9A2A44DA5A00914120 /* SearchViewController.swift */; };
		BFA36A9D2A44DA7100914120 /* DownloadsViewController.swift in Sources */ = {isa = PBXBuildFile; fileRef = BFA36A9C2A44DA7100914120 /* DownloadsViewController.swift */; };
		BFA36AA32A45798600914120 /* CollectionViewTableViewCell.swift in Sources */ = {isa = PBXBuildFile; fileRef = BFA36AA22A45798600914120 /* CollectionViewTableViewCell.swift */; };
		BFA36AA52A458C1500914120 /* HeroHeaderUIView.swift in Sources */ = {isa = PBXBuildFile; fileRef = BFA36AA42A458C1500914120 /* HeroHeaderUIView.swift */; };
		BFA36AA72A45F7EF00914120 /* Constant.swift in Sources */ = {isa = PBXBuildFile; fileRef = BFA36AA62A45F7EF00914120 /* Constant.swift */; };
		BFA36AA92A45FED300914120 /* APICaller.swift in Sources */ = {isa = PBXBuildFile; fileRef = BFA36AA82A45FED300914120 /* APICaller.swift */; };
		BFA36AAB2A46010000914120 /* Movie.swift in Sources */ = {isa = PBXBuildFile; fileRef = BFA36AAA2A46010000914120 /* Movie.swift */; };
		BFA36AB02A460FF600914120 /* SDWebImage in Frameworks */ = {isa = PBXBuildFile; productRef = BFA36AAF2A460FF600914120 /* SDWebImage */; };
		BFA36AB22A460FF600914120 /* SDWebImageMapKit in Frameworks */ = {isa = PBXBuildFile; productRef = BFA36AB12A460FF600914120 /* SDWebImageMapKit */; };
		BFA36AB42A46102A00914120 /* TitleCollectionViewCell.swift in Sources */ = {isa = PBXBuildFile; fileRef = BFA36AB32A46102A00914120 /* TitleCollectionViewCell.swift */; };
		BFA36AB62A4762F800914120 /* TitleTableViewCell.swift in Sources */ = {isa = PBXBuildFile; fileRef = BFA36AB52A4762F700914120 /* TitleTableViewCell.swift */; };
		BFA36AB82A476A7A00914120 /* TitleViewModel.swift in Sources */ = {isa = PBXBuildFile; fileRef = BFA36AB72A476A7A00914120 /* TitleViewModel.swift */; };
		BFA36ABA2A483BC300914120 /* SearchResultViewController.swift in Sources */ = {isa = PBXBuildFile; fileRef = BFA36AB92A483BC300914120 /* SearchResultViewController.swift */; };
		BFA8A8022A499714006B9FCF /* YoutubeSearchResponse.swift in Sources */ = {isa = PBXBuildFile; fileRef = BFA8A8012A499714006B9FCF /* YoutubeSearchResponse.swift */; };
		BFA8A8042A499BAE006B9FCF /* TitlePreviewViewController.swift in Sources */ = {isa = PBXBuildFile; fileRef = BFA8A8032A499BAE006B9FCF /* TitlePreviewViewController.swift */; };
		BFA8A8082A49A50C006B9FCF /* TitlePreviewViewModel.swift in Sources */ = {isa = PBXBuildFile; fileRef = BFA8A8072A49A50C006B9FCF /* TitlePreviewViewModel.swift */; };
		BFA8A80B2A49F2C3006B9FCF /* NetflixCloneDataModel.xcdatamodeld in Sources */ = {isa = PBXBuildFile; fileRef = BFA8A8092A49F2C3006B9FCF /* NetflixCloneDataModel.xcdatamodeld */; };
		BFA8A80D2A49F8FC006B9FCF /* PersistentDataManager.swift in Sources */ = {isa = PBXBuildFile; fileRef = BFA8A80C2A49F8FC006B9FCF /* PersistentDataManager.swift */; };
/* End PBXBuildFile section */

/* Begin PBXFileReference section */
		BFA36A7E2A44D8C700914120 /* netflix_clone.app */ = {isa = PBXFileReference; explicitFileType = wrapper.application; includeInIndex = 0; path = netflix_clone.app; sourceTree = BUILT_PRODUCTS_DIR; };
		BFA36A812A44D8C700914120 /* AppDelegate.swift */ = {isa = PBXFileReference; lastKnownFileType = sourcecode.swift; path = AppDelegate.swift; sourceTree = "<group>"; };
		BFA36A832A44D8C700914120 /* SceneDelegate.swift */ = {isa = PBXFileReference; lastKnownFileType = sourcecode.swift; path = SceneDelegate.swift; sourceTree = "<group>"; };
		BFA36A852A44D8C700914120 /* TabBarViewController.swift */ = {isa = PBXFileReference; lastKnownFileType = sourcecode.swift; path = TabBarViewController.swift; sourceTree = "<group>"; };
		BFA36A8A2A44D8C900914120 /* Assets.xcassets */ = {isa = PBXFileReference; lastKnownFileType = folder.assetcatalog; path = Assets.xcassets; sourceTree = "<group>"; };
		BFA36A8D2A44D8C900914120 /* Base */ = {isa = PBXFileReference; lastKnownFileType = file.storyboard; name = Base; path = Base.lproj/LaunchScreen.storyboard; sourceTree = "<group>"; };
		BFA36A8F2A44D8C900914120 /* Info.plist */ = {isa = PBXFileReference; lastKnownFileType = text.plist.xml; path = Info.plist; sourceTree = "<group>"; };
		BFA36A962A44DA2300914120 /* HomeViewController.swift */ = {isa = PBXFileReference; lastKnownFileType = sourcecode.swift; path = HomeViewController.swift; sourceTree = "<group>"; };
		BFA36A982A44DA4200914120 /* UpcomingViewController.swift */ = {isa = PBXFileReference; lastKnownFileType = sourcecode.swift; path = UpcomingViewController.swift; sourceTree = "<group>"; };
		BFA36A9A2A44DA5A00914120 /* SearchViewController.swift */ = {isa = PBXFileReference; lastKnownFileType = sourcecode.swift; path = SearchViewController.swift; sourceTree = "<group>"; };
		BFA36A9C2A44DA7100914120 /* DownloadsViewController.swift */ = {isa = PBXFileReference; lastKnownFileType = sourcecode.swift; path = DownloadsViewController.swift; sourceTree = "<group>"; };
		BFA36AA22A45798600914120 /* CollectionViewTableViewCell.swift */ = {isa = PBXFileReference; lastKnownFileType = sourcecode.swift; path = CollectionViewTableViewCell.swift; sourceTree = "<group>"; };
		BFA36AA42A458C1500914120 /* HeroHeaderUIView.swift */ = {isa = PBXFileReference; lastKnownFileType = sourcecode.swift; path = HeroHeaderUIView.swift; sourceTree = "<group>"; };
		BFA36AA62A45F7EF00914120 /* Constant.swift */ = {isa = PBXFileReference; lastKnownFileType = sourcecode.swift; path = Constant.swift; sourceTree = "<group>"; };
		BFA36AA82A45FED300914120 /* APICaller.swift */ = {isa = PBXFileReference; lastKnownFileType = sourcecode.swift; path = APICaller.swift; sourceTree = "<group>"; };
		BFA36AAA2A46010000914120 /* Movie.swift */ = {isa = PBXFileReference; lastKnownFileType = sourcecode.swift; path = Movie.swift; sourceTree = "<group>"; };
		BFA36AB32A46102A00914120 /* TitleCollectionViewCell.swift */ = {isa = PBXFileReference; lastKnownFileType = sourcecode.swift; path = TitleCollectionViewCell.swift; sourceTree = "<group>"; };
		BFA36AB52A4762F700914120 /* TitleTableViewCell.swift */ = {isa = PBXFileReference; lastKnownFileType = sourcecode.swift; path = TitleTableViewCell.swift; sourceTree = "<group>"; };
		BFA36AB72A476A7A00914120 /* TitleViewModel.swift */ = {isa = PBXFileReference; lastKnownFileType = sourcecode.swift; path = TitleViewModel.swift; sourceTree = "<group>"; };
		BFA36AB92A483BC300914120 /* SearchResultViewController.swift */ = {isa = PBXFileReference; lastKnownFileType = sourcecode.swift; path = SearchResultViewController.swift; sourceTree = "<group>"; };
		BFA8A8012A499714006B9FCF /* YoutubeSearchResponse.swift */ = {isa = PBXFileReference; lastKnownFileType = sourcecode.swift; path = YoutubeSearchResponse.swift; sourceTree = "<group>"; };
		BFA8A8032A499BAE006B9FCF /* TitlePreviewViewController.swift */ = {isa = PBXFileReference; lastKnownFileType = sourcecode.swift; path = TitlePreviewViewController.swift; sourceTree = "<group>"; };
		BFA8A8072A49A50C006B9FCF /* TitlePreviewViewModel.swift */ = {isa = PBXFileReference; lastKnownFileType = sourcecode.swift; path = TitlePreviewViewModel.swift; sourceTree = "<group>"; };
		BFA8A80A2A49F2C3006B9FCF /* NetflixCloneDataModel.xcdatamodel */ = {isa = PBXFileReference; lastKnownFileType = wrapper.xcdatamodel; path = NetflixCloneDataModel.xcdatamodel; sourceTree = "<group>"; };
		BFA8A80C2A49F8FC006B9FCF /* PersistentDataManager.swift */ = {isa = PBXFileReference; lastKnownFileType = sourcecode.swift; path = PersistentDataManager.swift; sourceTree = "<group>"; };
/* End PBXFileReference section */

/* Begin PBXFrameworksBuildPhase section */
		BFA36A7B2A44D8C700914120 /* Frameworks */ = {
			isa = PBXFrameworksBuildPhase;
			buildActionMask = 2147483647;
			files = (
				BFA36AB22A460FF600914120 /* SDWebImageMapKit in Frameworks */,
				BFA36AB02A460FF600914120 /* SDWebImage in Frameworks */,
			);
			runOnlyForDeploymentPostprocessing = 0;
		};
/* End PBXFrameworksBuildPhase section */

/* Begin PBXGroup section */
		BFA36A752A44D8C700914120 = {
			isa = PBXGroup;
			children = (
				BFA36A802A44D8C700914120 /* netflix_clone */,
				BFA36A7F2A44D8C700914120 /* Products */,
			);
			sourceTree = "<group>";
		};
		BFA36A7F2A44D8C700914120 /* Products */ = {
			isa = PBXGroup;
			children = (
				BFA36A7E2A44D8C700914120 /* netflix_clone.app */,
			);
			name = Products;
			sourceTree = "<group>";
		};
		BFA36A802A44D8C700914120 /* netflix_clone */ = {
			isa = PBXGroup;
			children = (
				BFA8A80E2A4A07C5006B9FCF /* Resources */,
				BFA36AA12A4578CF00914120 /* Models */,
				BFA36AA02A4578C800914120 /* Helpers */,
				BFA36A9F2A4578BA00914120 /* ViewModels */,
				BFA36A9E2A4578B300914120 /* Views */,
				BFA36A952A44DA0B00914120 /* Controllers */,
				BFA36A8A2A44D8C900914120 /* Assets.xcassets */,
				BFA36A8C2A44D8C900914120 /* LaunchScreen.storyboard */,
				BFA36A8F2A44D8C900914120 /* Info.plist */,
				BFA8A8092A49F2C3006B9FCF /* NetflixCloneDataModel.xcdatamodeld */,
			);
			path = netflix_clone;
			sourceTree = "<group>";
		};
		BFA36A952A44DA0B00914120 /* Controllers */ = {
			isa = PBXGroup;
			children = (
				BFA8A8052A499BBF006B9FCF /* Main Features */,
				BFA8A8062A499BD5006B9FCF /* Additional Features */,
			);
			path = Controllers;
			sourceTree = "<group>";
		};
		BFA36A9E2A4578B300914120 /* Views */ = {
			isa = PBXGroup;
			children = (
				BFA36AA22A45798600914120 /* CollectionViewTableViewCell.swift */,
				BFA36AA42A458C1500914120 /* HeroHeaderUIView.swift */,
				BFA36AB32A46102A00914120 /* TitleCollectionViewCell.swift */,
				BFA36AB52A4762F700914120 /* TitleTableViewCell.swift */,
			);
			path = Views;
			sourceTree = "<group>";
		};
		BFA36A9F2A4578BA00914120 /* ViewModels */ = {
			isa = PBXGroup;
			children = (
				BFA36AB72A476A7A00914120 /* TitleViewModel.swift */,
				BFA8A8072A49A50C006B9FCF /* TitlePreviewViewModel.swift */,
			);
			path = ViewModels;
			sourceTree = "<group>";
		};
		BFA36AA02A4578C800914120 /* Helpers */ = {
			isa = PBXGroup;
			children = (
				BFA36AA62A45F7EF00914120 /* Constant.swift */,
				BFA36AA82A45FED300914120 /* APICaller.swift */,
				BFA8A80C2A49F8FC006B9FCF /* PersistentDataManager.swift */,
			);
			path = Helpers;
			sourceTree = "<group>";
		};
		BFA36AA12A4578CF00914120 /* Models */ = {
			isa = PBXGroup;
			children = (
				BFA36AAA2A46010000914120 /* Movie.swift */,
				BFA8A8012A499714006B9FCF /* YoutubeSearchResponse.swift */,
			);
			path = Models;
			sourceTree = "<group>";
		};
		BFA8A8052A499BBF006B9FCF /* Main Features */ = {
			isa = PBXGroup;
			children = (
				BFA36A9C2A44DA7100914120 /* DownloadsViewController.swift */,
				BFA36A962A44DA2300914120 /* HomeViewController.swift */,
				BFA36A982A44DA4200914120 /* UpcomingViewController.swift */,
				BFA36A9A2A44DA5A00914120 /* SearchViewController.swift */,
			);
			path = "Main Features";
			sourceTree = "<group>";
		};
		BFA8A8062A499BD5006B9FCF /* Additional Features */ = {
			isa = PBXGroup;
			children = (
				BFA36AB92A483BC300914120 /* SearchResultViewController.swift */,
				BFA8A8032A499BAE006B9FCF /* TitlePreviewViewController.swift */,
			);
			path = "Additional Features";
			sourceTree = "<group>";
		};
		BFA8A80E2A4A07C5006B9FCF /* Resources */ = {
			isa = PBXGroup;
			children = (
				BFA36A812A44D8C700914120 /* AppDelegate.swift */,
				BFA36A832A44D8C700914120 /* SceneDelegate.swift */,
				BFA36A852A44D8C700914120 /* TabBarViewController.swift */,
			);
			path = Resources;
			sourceTree = "<group>";
		};
/* End PBXGroup section */

/* Begin PBXNativeTarget section */
		BFA36A7D2A44D8C700914120 /* netflix_clone */ = {
			isa = PBXNativeTarget;
			buildConfigurationList = BFA36A922A44D8C900914120 /* Build configuration list for PBXNativeTarget "netflix_clone" */;
			buildPhases = (
				BFA36A7A2A44D8C700914120 /* Sources */,
				BFA36A7B2A44D8C700914120 /* Frameworks */,
				BFA36A7C2A44D8C700914120 /* Resources */,
			);
			buildRules = (
			);
			dependencies = (
			);
			name = netflix_clone;
			packageProductDependencies = (
				BFA36AAF2A460FF600914120 /* SDWebImage */,
				BFA36AB12A460FF600914120 /* SDWebImageMapKit */,
			);
			productName = netflix_clone;
			productReference = BFA36A7E2A44D8C700914120 /* netflix_clone.app */;
			productType = "com.apple.product-type.application";
		};
/* End PBXNativeTarget section */

/* Begin PBXProject section */
		BFA36A762A44D8C700914120 /* Project object */ = {
			isa = PBXProject;
			attributes = {
				BuildIndependentTargetsInParallel = 1;
				LastSwiftUpdateCheck = 1430;
				LastUpgradeCheck = 1430;
				TargetAttributes = {
					BFA36A7D2A44D8C700914120 = {
						CreatedOnToolsVersion = 14.3;
					};
				};
			};
			buildConfigurationList = BFA36A792A44D8C700914120 /* Build configuration list for PBXProject "netflix_clone" */;
			compatibilityVersion = "Xcode 14.0";
			developmentRegion = en;
			hasScannedForEncodings = 0;
			knownRegions = (
				en,
				Base,
			);
			mainGroup = BFA36A752A44D8C700914120;
			packageReferences = (
				BFA36AAE2A460FF600914120 /* XCRemoteSwiftPackageReference "SDWebImage" */,
			);
			productRefGroup = BFA36A7F2A44D8C700914120 /* Products */;
			projectDirPath = "";
			projectRoot = "";
			targets = (
				BFA36A7D2A44D8C700914120 /* netflix_clone */,
			);
		};
/* End PBXProject section */

/* Begin PBXResourcesBuildPhase section */
		BFA36A7C2A44D8C700914120 /* Resources */ = {
			isa = PBXResourcesBuildPhase;
			buildActionMask = 2147483647;
			files = (
				BFA36A8E2A44D8C900914120 /* LaunchScreen.storyboard in Resources */,
				BFA36A8B2A44D8C900914120 /* Assets.xcassets in Resources */,
			);
			runOnlyForDeploymentPostprocessing = 0;
		};
/* End PBXResourcesBuildPhase section */

/* Begin PBXSourcesBuildPhase section */
		BFA36A7A2A44D8C700914120 /* Sources */ = {
			isa = PBXSourcesBuildPhase;
			buildActionMask = 2147483647;
			files = (
				BFA8A80B2A49F2C3006B9FCF /* NetflixCloneDataModel.xcdatamodeld in Sources */,
				BFA8A8082A49A50C006B9FCF /* TitlePreviewViewModel.swift in Sources */,
				BFA36AB62A4762F800914120 /* TitleTableViewCell.swift in Sources */,
				BFA8A80D2A49F8FC006B9FCF /* PersistentDataManager.swift in Sources */,
				BFA36A9B2A44DA5A00914120 /* SearchViewController.swift in Sources */,
				BFA36AB42A46102A00914120 /* TitleCollectionViewCell.swift in Sources */,
				BFA36A862A44D8C700914120 /* TabBarViewController.swift in Sources */,
				BFA36AAB2A46010000914120 /* Movie.swift in Sources */,
				BFA36AA32A45798600914120 /* CollectionViewTableViewCell.swift in Sources */,
				BFA36AA52A458C1500914120 /* HeroHeaderUIView.swift in Sources */,
				BFA36A9D2A44DA7100914120 /* DownloadsViewController.swift in Sources */,
				BFA36A822A44D8C700914120 /* AppDelegate.swift in Sources */,
				BFA36A842A44D8C700914120 /* SceneDelegate.swift in Sources */,
				BFA36AA72A45F7EF00914120 /* Constant.swift in Sources */,
				BFA8A8022A499714006B9FCF /* YoutubeSearchResponse.swift in Sources */,
				BFA36AA92A45FED300914120 /* APICaller.swift in Sources */,
				BFA36A992A44DA4200914120 /* UpcomingViewController.swift in Sources */,
				BFA8A8042A499BAE006B9FCF /* TitlePreviewViewController.swift in Sources */,
				BFA36A972A44DA2300914120 /* HomeViewController.swift in Sources */,
				BFA36ABA2A483BC300914120 /* SearchResultViewController.swift in Sources */,
				BFA36AB82A476A7A00914120 /* TitleViewModel.swift in Sources */,
			);
			runOnlyForDeploymentPostprocessing = 0;
		};
/* End PBXSourcesBuildPhase section */

/* Begin PBXVariantGroup section */
		BFA36A8C2A44D8C900914120 /* LaunchScreen.storyboard */ = {
			isa = PBXVariantGroup;
			children = (
				BFA36A8D2A44D8C900914120 /* Base */,
			);
			name = LaunchScreen.storyboard;
			sourceTree = "<group>";
		};
/* End PBXVariantGroup section */

/* Begin XCBuildConfiguration section */
		BFA36A902A44D8C900914120 /* Debug */ = {
			isa = XCBuildConfiguration;
			buildSettings = {
				ALWAYS_SEARCH_USER_PATHS = NO;
				CLANG_ANALYZER_NONNULL = YES;
				CLANG_ANALYZER_NUMBER_OBJECT_CONVERSION = YES_AGGRESSIVE;
				CLANG_CXX_LANGUAGE_STANDARD = "gnu++20";
				CLANG_ENABLE_MODULES = YES;
				CLANG_ENABLE_OBJC_ARC = YES;
				CLANG_ENABLE_OBJC_WEAK = YES;
				CLANG_WARN_BLOCK_CAPTURE_AUTORELEASING = YES;
				CLANG_WARN_BOOL_CONVERSION = YES;
				CLANG_WARN_COMMA = YES;
				CLANG_WARN_CONSTANT_CONVERSION = YES;
				CLANG_WARN_DEPRECATED_OBJC_IMPLEMENTATIONS = YES;
				CLANG_WARN_DIRECT_OBJC_ISA_USAGE = YES_ERROR;
				CLANG_WARN_DOCUMENTATION_COMMENTS = YES;
				CLANG_WARN_EMPTY_BODY = YES;
				CLANG_WARN_ENUM_CONVERSION = YES;
				CLANG_WARN_INFINITE_RECURSION = YES;
				CLANG_WARN_INT_CONVERSION = YES;
				CLANG_WARN_NON_LITERAL_NULL_CONVERSION = YES;
				CLANG_WARN_OBJC_IMPLICIT_RETAIN_SELF = YES;
				CLANG_WARN_OBJC_LITERAL_CONVERSION = YES;
				CLANG_WARN_OBJC_ROOT_CLASS = YES_ERROR;
				CLANG_WARN_QUOTED_INCLUDE_IN_FRAMEWORK_HEADER = YES;
				CLANG_WARN_RANGE_LOOP_ANALYSIS = YES;
				CLANG_WARN_STRICT_PROTOTYPES = YES;
				CLANG_WARN_SUSPICIOUS_MOVE = YES;
				CLANG_WARN_UNGUARDED_AVAILABILITY = YES_AGGRESSIVE;
				CLANG_WARN_UNREACHABLE_CODE = YES;
				CLANG_WARN__DUPLICATE_METHOD_MATCH = YES;
				COPY_PHASE_STRIP = NO;
				DEBUG_INFORMATION_FORMAT = dwarf;
				ENABLE_STRICT_OBJC_MSGSEND = YES;
				ENABLE_TESTABILITY = YES;
				GCC_C_LANGUAGE_STANDARD = gnu11;
				GCC_DYNAMIC_NO_PIC = NO;
				GCC_NO_COMMON_BLOCKS = YES;
				GCC_OPTIMIZATION_LEVEL = 0;
				GCC_PREPROCESSOR_DEFINITIONS = (
					"DEBUG=1",
					"$(inherited)",
				);
				GCC_WARN_64_TO_32_BIT_CONVERSION = YES;
				GCC_WARN_ABOUT_RETURN_TYPE = YES_ERROR;
				GCC_WARN_UNDECLARED_SELECTOR = YES;
				GCC_WARN_UNINITIALIZED_AUTOS = YES_AGGRESSIVE;
				GCC_WARN_UNUSED_FUNCTION = YES;
				GCC_WARN_UNUSED_VARIABLE = YES;
				IPHONEOS_DEPLOYMENT_TARGET = 16.4;
				MTL_ENABLE_DEBUG_INFO = INCLUDE_SOURCE;
				MTL_FAST_MATH = YES;
				ONLY_ACTIVE_ARCH = YES;
				SDKROOT = iphoneos;
				SWIFT_ACTIVE_COMPILATION_CONDITIONS = DEBUG;
				SWIFT_OPTIMIZATION_LEVEL = "-Onone";
			};
			name = Debug;
		};
		BFA36A912A44D8C900914120 /* Release */ = {
			isa = XCBuildConfiguration;
			buildSettings = {
				ALWAYS_SEARCH_USER_PATHS = NO;
				CLANG_ANALYZER_NONNULL = YES;
				CLANG_ANALYZER_NUMBER_OBJECT_CONVERSION = YES_AGGRESSIVE;
				CLANG_CXX_LANGUAGE_STANDARD = "gnu++20";
				CLANG_ENABLE_MODULES = YES;
				CLANG_ENABLE_OBJC_ARC = YES;
				CLANG_ENABLE_OBJC_WEAK = YES;
				CLANG_WARN_BLOCK_CAPTURE_AUTORELEASING = YES;
				CLANG_WARN_BOOL_CONVERSION = YES;
				CLANG_WARN_COMMA = YES;
				CLANG_WARN_CONSTANT_CONVERSION = YES;
				CLANG_WARN_DEPRECATED_OBJC_IMPLEMENTATIONS = YES;
				CLANG_WARN_DIRECT_OBJC_ISA_USAGE = YES_ERROR;
				CLANG_WARN_DOCUMENTATION_COMMENTS = YES;
				CLANG_WARN_EMPTY_BODY = YES;
				CLANG_WARN_ENUM_CONVERSION = YES;
				CLANG_WARN_INFINITE_RECURSION = YES;
				CLANG_WARN_INT_CONVERSION = YES;
				CLANG_WARN_NON_LITERAL_NULL_CONVERSION = YES;
				CLANG_WARN_OBJC_IMPLICIT_RETAIN_SELF = YES;
				CLANG_WARN_OBJC_LITERAL_CONVERSION = YES;
				CLANG_WARN_OBJC_ROOT_CLASS = YES_ERROR;
				CLANG_WARN_QUOTED_INCLUDE_IN_FRAMEWORK_HEADER = YES;
				CLANG_WARN_RANGE_LOOP_ANALYSIS = YES;
				CLANG_WARN_STRICT_PROTOTYPES = YES;
				CLANG_WARN_SUSPICIOUS_MOVE = YES;
				CLANG_WARN_UNGUARDED_AVAILABILITY = YES_AGGRESSIVE;
				CLANG_WARN_UNREACHABLE_CODE = YES;
				CLANG_WARN__DUPLICATE_METHOD_MATCH = YES;
				COPY_PHASE_STRIP = NO;
				DEBUG_INFORMATION_FORMAT = "dwarf-with-dsym";
				ENABLE_NS_ASSERTIONS = NO;
				ENABLE_STRICT_OBJC_MSGSEND = YES;
				GCC_C_LANGUAGE_STANDARD = gnu11;
				GCC_NO_COMMON_BLOCKS = YES;
				GCC_WARN_64_TO_32_BIT_CONVERSION = YES;
				GCC_WARN_ABOUT_RETURN_TYPE = YES_ERROR;
				GCC_WARN_UNDECLARED_SELECTOR = YES;
				GCC_WARN_UNINITIALIZED_AUTOS = YES_AGGRESSIVE;
				GCC_WARN_UNUSED_FUNCTION = YES;
				GCC_WARN_UNUSED_VARIABLE = YES;
				IPHONEOS_DEPLOYMENT_TARGET = 16.4;
				MTL_ENABLE_DEBUG_INFO = NO;
				MTL_FAST_MATH = YES;
				SDKROOT = iphoneos;
				SWIFT_COMPILATION_MODE = wholemodule;
				SWIFT_OPTIMIZATION_LEVEL = "-O";
				VALIDATE_PRODUCT = YES;
			};
			name = Release;
		};
		BFA36A932A44D8C900914120 /* Debug */ = {
			isa = XCBuildConfiguration;
			buildSettings = {
				ASSETCATALOG_COMPILER_APPICON_NAME = AppIcon;
				ASSETCATALOG_COMPILER_GLOBAL_ACCENT_COLOR_NAME = AccentColor;
				CODE_SIGN_STYLE = Automatic;
				CURRENT_PROJECT_VERSION = 1;
				DEVELOPMENT_TEAM = ZCPU58B2UF;
				GENERATE_INFOPLIST_FILE = YES;
				INFOPLIST_FILE = netflix_clone/Info.plist;
				INFOPLIST_KEY_UIApplicationSupportsIndirectInputEvents = YES;
				INFOPLIST_KEY_UILaunchStoryboardName = LaunchScreen;
				INFOPLIST_KEY_UISupportedInterfaceOrientations_iPad = "UIInterfaceOrientationPortrait UIInterfaceOrientationPortraitUpsideDown UIInterfaceOrientationLandscapeLeft UIInterfaceOrientationLandscapeRight";
				INFOPLIST_KEY_UISupportedInterfaceOrientations_iPhone = "UIInterfaceOrientationPortrait UIInterfaceOrientationLandscapeLeft UIInterfaceOrientationLandscapeRight";
				LD_RUNPATH_SEARCH_PATHS = (
					"$(inherited)",
					"@executable_path/Frameworks",
				);
				MARKETING_VERSION = 1.0;
				PRODUCT_BUNDLE_IDENTIFIER = "com.relio.netflix-clone";
				PRODUCT_NAME = "$(TARGET_NAME)";
				SWIFT_EMIT_LOC_STRINGS = YES;
				SWIFT_VERSION = 5.0;
				TARGETED_DEVICE_FAMILY = "1,2";
			};
			name = Debug;
		};
		BFA36A942A44D8C900914120 /* Release */ = {
			isa = XCBuildConfiguration;
			buildSettings = {
				ASSETCATALOG_COMPILER_APPICON_NAME = AppIcon;
				ASSETCATALOG_COMPILER_GLOBAL_ACCENT_COLOR_NAME = AccentColor;
				CODE_SIGN_STYLE = Automatic;
				CURRENT_PROJECT_VERSION = 1;
				DEVELOPMENT_TEAM = ZCPU58B2UF;
				GENERATE_INFOPLIST_FILE = YES;
				INFOPLIST_FILE = netflix_clone/Info.plist;
				INFOPLIST_KEY_UIApplicationSupportsIndirectInputEvents = YES;
				INFOPLIST_KEY_UILaunchStoryboardName = LaunchScreen;
				INFOPLIST_KEY_UISupportedInterfaceOrientations_iPad = "UIInterfaceOrientationPortrait UIInterfaceOrientationPortraitUpsideDown UIInterfaceOrientationLandscapeLeft UIInterfaceOrientationLandscapeRight";
				INFOPLIST_KEY_UISupportedInterfaceOrientations_iPhone = "UIInterfaceOrientationPortrait UIInterfaceOrientationLandscapeLeft UIInterfaceOrientationLandscapeRight";
				LD_RUNPATH_SEARCH_PATHS = (
					"$(inherited)",
					"@executable_path/Frameworks",
				);
				MARKETING_VERSION = 1.0;
				PRODUCT_BUNDLE_IDENTIFIER = "com.relio.netflix-clone";
				PRODUCT_NAME = "$(TARGET_NAME)";
				SWIFT_EMIT_LOC_STRINGS = YES;
				SWIFT_VERSION = 5.0;
				TARGETED_DEVICE_FAMILY = "1,2";
			};
			name = Release;
		};
/* End XCBuildConfiguration section */

/* Begin XCConfigurationList section */
		BFA36A792A44D8C700914120 /* Build configuration list for PBXProject "netflix_clone" */ = {
			isa = XCConfigurationList;
			buildConfigurations = (
				BFA36A902A44D8C900914120 /* Debug */,
				BFA36A912A44D8C900914120 /* Release */,
			);
			defaultConfigurationIsVisible = 0;
			defaultConfigurationName = Release;
		};
		BFA36A922A44D8C900914120 /* Build configuration list for PBXNativeTarget "netflix_clone" */ = {
			isa = XCConfigurationList;
			buildConfigurations = (
				BFA36A932A44D8C900914120 /* Debug */,
				BFA36A942A44D8C900914120 /* Release */,
			);
			defaultConfigurationIsVisible = 0;
			defaultConfigurationName = Release;
		};
/* End XCConfigurationList section */

/* Begin XCRemoteSwiftPackageReference section */
		BFA36AAE2A460FF600914120 /* XCRemoteSwiftPackageReference "SDWebImage" */ = {
			isa = XCRemoteSwiftPackageReference;
			repositoryURL = "https://github.com/SDWebImage/SDWebImage.git";
			requirement = {
				kind = upToNextMajorVersion;
				minimumVersion = 5.0.0;
			};
		};
/* End XCRemoteSwiftPackageReference section */

/* Begin XCSwiftPackageProductDependency section */
		BFA36AAF2A460FF600914120 /* SDWebImage */ = {
			isa = XCSwiftPackageProductDependency;
			package = BFA36AAE2A460FF600914120 /* XCRemoteSwiftPackageReference "SDWebImage" */;
			productName = SDWebImage;
		};
		BFA36AB12A460FF600914120 /* SDWebImageMapKit */ = {
			isa = XCSwiftPackageProductDependency;
			package = BFA36AAE2A460FF600914120 /* XCRemoteSwiftPackageReference "SDWebImage" */;
			productName = SDWebImageMapKit;
		};
/* End XCSwiftPackageProductDependency section */

/* Begin XCVersionGroup section */
		BFA8A8092A49F2C3006B9FCF /* NetflixCloneDataModel.xcdatamodeld */ = {
			isa = XCVersionGroup;
			children = (
				BFA8A80A2A49F2C3006B9FCF /* NetflixCloneDataModel.xcdatamodel */,
			);
			currentVersion = BFA8A80A2A49F2C3006B9FCF /* NetflixCloneDataModel.xcdatamodel */;
			path = NetflixCloneDataModel.xcdatamodeld;
			sourceTree = "<group>";
			versionGroupType = wrapper.xcdatamodel;
		};
/* End XCVersionGroup section */
	};
	rootObject = BFA36A762A44D8C700914120 /* Project object */;
}
